{
  "name": "se.telldus",
  "version": "2.1.0",
  "lockfileVersion": 2,
  "requires": true,
  "packages": {
    "": {
      "name": "se.telldus",
      "version": "2.1.0",
      "dependencies": {
        "homey-rfdriver": "^3.3.1"
      }
    },
    "node_modules/homey-rfdriver": {
      "version": "3.3.1",
      "resolved": "https://registry.npmjs.org/homey-rfdriver/-/homey-rfdriver-3.3.1.tgz",
      "integrity": "sha512-UiQVBKRRg9UuwJuWN7u5+3cjwXPbw2HtTvX3g4wAWSsIIj+FKf8rnd0pWvbTHs7DP26Z1ru/Nve6r/xOzY025A=="
    }
  },
  "dependencies": {
    "homey-rfdriver": {
      "version": "3.3.1",
      "resolved": "https://registry.npmjs.org/homey-rfdriver/-/homey-rfdriver-3.3.1.tgz",
      "integrity": "sha512-UiQVBKRRg9UuwJuWN7u5+3cjwXPbw2HtTvX3g4wAWSsIIj+FKf8rnd0pWvbTHs7DP26Z1ru/Nve6r/xOzY025A=="
    }
  }
}
